
Microsoft Visual Studio Solution File, Format Version 12.00
# Visual Studio Version 17
VisualStudioVersion = 17.3.32901.215
MinimumVisualStudioVersion = 10.0.40219.1
Project("{FAE04EC0-301F-11D3-BF4B-00C04F79EFBC}") = "창의적 종합설계 프로젝트 서버용", "창의적 종합설계 프로젝트 서버용\창의적 종합설계 프로젝트 서버용.csproj", "{CC846FEF-1F62-44F5-9F66-22E0F633FB16}"
EndProject
Global
	GlobalSection(SolutionConfigurationPlatforms) = preSolution
		Debug|Any CPU = Debug|Any CPU
		Release|Any CPU = Release|Any CPU
	EndGlobalSection
	GlobalSection(ProjectConfigurationPlatforms) = postSolution
		{CC846FEF-1F62-44F5-9F66-22E0F633FB16}.Debug|Any CPU.ActiveCfg = Debug|Any CPU
		{CC846FEF-1F62-44F5-9F66-22E0F633FB16}.Debug|Any CPU.Build.0 = Debug|Any CPU
		{CC846FEF-1F62-44F5-9F66-22E0F633FB16}.Release|Any CPU.ActiveCfg = Release|Any CPU
		{CC846FEF-1F62-44F5-9F66-22E0F633FB16}.Release|Any CPU.Build.0 = Release|Any CPU
	EndGlobalSection
	GlobalSection(SolutionProperties) = preSolution
		HideSolutionNode = FALSE
	EndGlobalSection
	GlobalSection(ExtensibilityGlobals) = postSolution
		SolutionGuid = {1A5D0521-FAA1-49FE-8C98-3586E473773D}
	EndGlobalSection
EndGlobal
